
Microsoft Visual Studio Solution File, Format Version 12.00
# Visual Studio Version 16
VisualStudioVersion = 16.0.29418.71
MinimumVisualStudioVersion = 10.0.40219.1
Project("{FAE04EC0-301F-11D3-BF4B-00C04F79EFBC}") = "AuthCX", "AuthCX.csproj", "{641C4721-7E33-42C6-BD79-35188B8768FC}"
EndProject
Global
	GlobalSection(SolutionConfigurationPlatforms) = preSolution
		Debug|Any CPU = Debug|Any CPU
		Release|Any CPU = Release|Any CPU
	EndGlobalSection
	GlobalSection(ProjectConfigurationPlatforms) = postSolution
		{641C4721-7E33-42C6-BD79-35188B8768FC}.Debug|Any CPU.ActiveCfg = Debug|Any CPU
		{641C4721-7E33-42C6-BD79-35188B8768FC}.Debug|Any CPU.Build.0 = Debug|Any CPU
		{641C4721-7E33-42C6-BD79-35188B8768FC}.Release|Any CPU.ActiveCfg = Release|Any CPU
		{641C4721-7E33-42C6-BD79-35188B8768FC}.Release|Any CPU.Build.0 = Release|Any CPU
	EndGlobalSection
	GlobalSection(SolutionProperties) = preSolution
		HideSolutionNode = FALSE
	EndGlobalSection
	GlobalSection(ExtensibilityGlobals) = postSolution
		SolutionGuid = {5CA6D462-EE38-4EE2-BB9D-878AE0AB3389}
	EndGlobalSection
EndGlobal
